
Microsoft Visual Studio Solution File, Format Version 12.00
# Visual Studio Version 17
VisualStudioVersion = 17.14.36603.0
MinimumVisualStudioVersion = 10.0.40219.1
Project("{FAE04EC0-301F-11D3-BF4B-00C04F79EFBC}") = "Monivo.Web", "Monivo.Web\Monivo.Web.csproj", "{4B9179DA-D8B3-4EE1-A892-F3B2905FBC1B}"
EndProject
Project("{2150E333-8FDC-42A3-9474-1A3956D46DE8}") = "src", "src", "{02EA681E-C7D8-13C7-8484-4AC65E1B71E8}"
EndProject
Project("{2150E333-8FDC-42A3-9474-1A3956D46DE8}") = "Core", "Core", "{29539724-CFDA-4ABB-94A2-5E8136938FB6}"
EndProject
Project("{2150E333-8FDC-42A3-9474-1A3956D46DE8}") = "External", "External", "{C1B84CC1-DC53-4D24-B3DD-EDA934F917EA}"
EndProject
Project("{FAE04EC0-301F-11D3-BF4B-00C04F79EFBC}") = "Monivo.Domain", "Monivo.Domain\Monivo.Domain.csproj", "{77F429AA-313B-489D-9AE0-D4EA038FED0C}"
EndProject
Project("{FAE04EC0-301F-11D3-BF4B-00C04F79EFBC}") = "Monivo.Application", "Monivo.Application\Monivo.Application.csproj", "{8DEB2856-F4B4-4C4F-9D29-A0B45FE310A4}"
EndProject
Project("{FAE04EC0-301F-11D3-BF4B-00C04F79EFBC}") = "Monivo.Persistence", "Monivo.Persistence\Monivo.Persistence.csproj", "{07226531-807C-4E30-AD1A-4E152707F692}"
EndProject
Project("{2150E333-8FDC-42A3-9474-1A3956D46DE8}") = "Solution Items", "Solution Items", "{8EC462FD-D22E-90A8-E5CE-7E832BA40C5D}"
	ProjectSection(SolutionItems) = preProject
		.gitignore = .gitignore
	EndProjectSection
EndProject
Project("{FAE04EC0-301F-11D3-BF4B-00C04F79EFBC}") = "Monivo.Infrastructure", "Monivo.Infrastructure\Monivo.Infrastructure.csproj", "{9557CB44-8B96-73FA-0F2E-D22099C89918}"
EndProject
Global
	GlobalSection(SolutionConfigurationPlatforms) = preSolution
		Debug|Any CPU = Debug|Any CPU
		Release|Any CPU = Release|Any CPU
	EndGlobalSection
	GlobalSection(ProjectConfigurationPlatforms) = postSolution
		{4B9179DA-D8B3-4EE1-A892-F3B2905FBC1B}.Debug|Any CPU.ActiveCfg = Debug|Any CPU
		{4B9179DA-D8B3-4EE1-A892-F3B2905FBC1B}.Debug|Any CPU.Build.0 = Debug|Any CPU
		{4B9179DA-D8B3-4EE1-A892-F3B2905FBC1B}.Release|Any CPU.ActiveCfg = Release|Any CPU
		{4B9179DA-D8B3-4EE1-A892-F3B2905FBC1B}.Release|Any CPU.Build.0 = Release|Any CPU
		{77F429AA-313B-489D-9AE0-D4EA038FED0C}.Debug|Any CPU.ActiveCfg = Debug|Any CPU
		{77F429AA-313B-489D-9AE0-D4EA038FED0C}.Debug|Any CPU.Build.0 = Debug|Any CPU
		{77F429AA-313B-489D-9AE0-D4EA038FED0C}.Release|Any CPU.ActiveCfg = Release|Any CPU
		{77F429AA-313B-489D-9AE0-D4EA038FED0C}.Release|Any CPU.Build.0 = Release|Any CPU
		{8DEB2856-F4B4-4C4F-9D29-A0B45FE310A4}.Debug|Any CPU.ActiveCfg = Debug|Any CPU
		{8DEB2856-F4B4-4C4F-9D29-A0B45FE310A4}.Debug|Any CPU.Build.0 = Debug|Any CPU
		{8DEB2856-F4B4-4C4F-9D29-A0B45FE310A4}.Release|Any CPU.ActiveCfg = Release|Any CPU
		{8DEB2856-F4B4-4C4F-9D29-A0B45FE310A4}.Release|Any CPU.Build.0 = Release|Any CPU
		{07226531-807C-4E30-AD1A-4E152707F692}.Debug|Any CPU.ActiveCfg = Debug|Any CPU
		{07226531-807C-4E30-AD1A-4E152707F692}.Debug|Any CPU.Build.0 = Debug|Any CPU
		{07226531-807C-4E30-AD1A-4E152707F692}.Release|Any CPU.ActiveCfg = Release|Any CPU
		{07226531-807C-4E30-AD1A-4E152707F692}.Release|Any CPU.Build.0 = Release|Any CPU
		{9557CB44-8B96-73FA-0F2E-D22099C89918}.Debug|Any CPU.ActiveCfg = Debug|Any CPU
		{9557CB44-8B96-73FA-0F2E-D22099C89918}.Debug|Any CPU.Build.0 = Debug|Any CPU
		{9557CB44-8B96-73FA-0F2E-D22099C89918}.Release|Any CPU.ActiveCfg = Release|Any CPU
		{9557CB44-8B96-73FA-0F2E-D22099C89918}.Release|Any CPU.Build.0 = Release|Any CPU
	EndGlobalSection
	GlobalSection(SolutionProperties) = preSolution
		HideSolutionNode = FALSE
	EndGlobalSection
	GlobalSection(NestedProjects) = preSolution
		{29539724-CFDA-4ABB-94A2-5E8136938FB6} = {02EA681E-C7D8-13C7-8484-4AC65E1B71E8}
		{C1B84CC1-DC53-4D24-B3DD-EDA934F917EA} = {02EA681E-C7D8-13C7-8484-4AC65E1B71E8}
		{77F429AA-313B-489D-9AE0-D4EA038FED0C} = {29539724-CFDA-4ABB-94A2-5E8136938FB6}
		{8DEB2856-F4B4-4C4F-9D29-A0B45FE310A4} = {29539724-CFDA-4ABB-94A2-5E8136938FB6}
		{07226531-807C-4E30-AD1A-4E152707F692} = {C1B84CC1-DC53-4D24-B3DD-EDA934F917EA}
		{9557CB44-8B96-73FA-0F2E-D22099C89918} = {C1B84CC1-DC53-4D24-B3DD-EDA934F917EA}
	EndGlobalSection
	GlobalSection(ExtensibilityGlobals) = postSolution
		SolutionGuid = {3BF1A990-D816-4166-B520-9771151F217F}
	EndGlobalSection
EndGlobal
